# linux-64 package lock from the validated pnorm-ref environment.
# Public conda-forge packages only. Core: DOLFINx 0.7.0, PETSc 3.19.6.
@EXPLICIT
https://conda.anaconda.org/conda-forge/linux-64/_openmp_mutex-4.5-20_gnu.conda#a9f577daf3de00bca7c3c76c0ecbd1de
https://conda.anaconda.org/conda-forge/linux-64/binutils_impl_linux-64-2.46.1-bootstrap_h59bd682_2.conda#2ef2aae56894763085adcef527016e7b
https://conda.anaconda.org/conda-forge/linux-64/binutils_linux-64-2.46.1-bootstrap_h4852527_2.conda#e7cdd06235bf29d35b91d73a7382284c
https://conda.anaconda.org/conda-forge/linux-64/blosc-1.21.5-hc2324a3_1.conda#11d76bee958b1989bd1ac6ee7372ea6d
https://conda.anaconda.org/conda-forge/linux-64/bzip2-1.0.8-hda65f42_10.conda#e675fabcf81499adc7edf58124fb1e01
https://conda.anaconda.org/conda-forge/linux-64/c-ares-1.34.8-hebe6cf0_2.conda#3ad2b403be8fc5612b9159e2ce621f69
https://conda.anaconda.org/conda-forge/noarch/ca-certificates-2026.7.22-hbd8a1cb_0.conda#0f51e2391ade309db462a55611263e9c
https://conda.anaconda.org/conda-forge/linux-64/cffi-2.1.1-py310hd4ea0ea_2.conda#33706c1639a06dcea0c19d9f118305f1
https://conda.anaconda.org/conda-forge/linux-64/cython-3.0.12-py310had8cdd9_0.conda#b630fe36f0b621d23e74872dc4fd2bd7
https://conda.anaconda.org/conda-forge/linux-64/eigen-3.4.0-h54a6638_2.conda#00f77958419a22c6a41568c6decd4719
https://conda.anaconda.org/conda-forge/linux-64/fenics-basix-0.7.0-py310heada3b3_1.conda#1523549962b988cbf5585b56fee1646c
https://conda.anaconda.org/conda-forge/linux-64/fenics-basix-pybind11-abi-0.4.12-heada3b3_1.conda#a50f0f5fca0e036f29d0800e8e8850a4
https://conda.anaconda.org/conda-forge/linux-64/fenics-dolfinx-0.7.0-py310h6c85577_100.conda#31076077703ae283ae5c0b88dcb84c4b
https://conda.anaconda.org/conda-forge/noarch/fenics-ffcx-0.7.0-pyh4af843d_0.conda#33750b2c9a2d32928f4be9c889235ed8
https://conda.anaconda.org/conda-forge/linux-64/fenics-libbasix-0.7.0-hfdc072b_1.conda#d078dc4a5eccdee7c67d826aca795afd
https://conda.anaconda.org/conda-forge/linux-64/fenics-libdolfinx-0.7.0-h5a0e8bc_100.conda#3740a23aac83f7ba52127c737bdeb7b9
https://conda.anaconda.org/conda-forge/noarch/fenics-ufcx-0.7.0-h4af843d_0.conda#d057982d79298ad7e3cc6cd350a1b617
https://conda.anaconda.org/conda-forge/noarch/fenics-ufl-2023.2.0-pyhd8ed1ab_0.conda#fff3bf64f4c821af581f888e13c3a19c
https://conda.anaconda.org/conda-forge/linux-64/fftw-3.3.10-mpi_mpich_hbcf76dd_10.conda#c23380b70f54c8d1194ad88614da7961
https://conda.anaconda.org/conda-forge/linux-64/gcc_impl_linux-64-12.4.0-h26ba24d_2.conda#f091c5ea6c862ab1796c82465a7c2364
https://conda.anaconda.org/conda-forge/linux-64/gcc_linux-64-12.4.0-h6b7512a_10.conda#18432a261dca2bb05b45e60adee37d77
https://conda.anaconda.org/conda-forge/linux-64/glpk-5.0-h445213a_0.tar.bz2#efc4b0c33bdf47312ad5a8a0587fa653
https://conda.anaconda.org/conda-forge/linux-64/gmp-6.3.0-hfd2156b_3.conda#576e32739f323438bf69ab006c21be7b
https://conda.anaconda.org/conda-forge/linux-64/gxx_impl_linux-64-12.4.0-h3ff227c_2.conda#5f8ae076e514514aeeb0eb52dac2d55d
https://conda.anaconda.org/conda-forge/linux-64/gxx_linux-64-12.4.0-h8489865_10.conda#f01962bad75d6d68802a1eb56bb70478
https://conda.anaconda.org/conda-forge/linux-64/hdf5-1.14.3-mpi_mpich_h0f54ddc_5.conda#f55c36b28c66cd668e0974367ec02dc9
https://conda.anaconda.org/conda-forge/linux-64/hypre-2.28.0-mpi_mpich_h716cb5e_0.conda#b41fa6129b3dad329dff734b935130ca
https://conda.anaconda.org/conda-forge/linux-64/icu-73.2-h59595ed_0.conda#cc47e1facc155f91abd89b11e48e72ff
https://conda.anaconda.org/conda-forge/linux-64/kahip-3.15-h96c4266_2.conda#430181ff9e9103eb5a33b8dd61a95605
https://conda.anaconda.org/conda-forge/linux-64/kahip-python-3.15-py310h60fa4bd_2.conda#a2d8c4608a437d8f30e6fb411dc3fa75
https://conda.anaconda.org/conda-forge/noarch/kernel-headers_linux-64-6.12.0-he073ed8_6.conda#ad5a27ffc9350af2624927dd79edf2be
https://conda.anaconda.org/conda-forge/linux-64/keyutils-1.6.3-h7cc23a3_1.conda#ba55d1b89fd7775e67de8291029b4059
https://conda.anaconda.org/conda-forge/linux-64/krb5-1.21.3-h659f571_0.conda#3f43953b7d3fb3aaa1d0d0723d91e368
https://conda.anaconda.org/conda-forge/linux-64/ld_impl_linux-64-2.46.1-bootstrap_ha15bf96_2.conda#2c238120d4d57c422d6671036eae76a8
https://conda.anaconda.org/conda-forge/linux-64/libadios2-2.9.1-mpi_mpich_h25b007a_4.conda#e1980157906cf46a121a211da63b9c15
https://conda.anaconda.org/conda-forge/linux-64/libaec-1.1.5-h088129d_0.conda#86f7414544ae606282352fa1e116b41f
https://conda.anaconda.org/conda-forge/linux-64/libblas-3.11.0-10_h4a7cf45_openblas.conda#e2ca3eadd889d39b4e4b6b1ecc671816
https://conda.anaconda.org/conda-forge/linux-64/libboost-1.82.0-h6fcfa73_6.conda#05c40141d4184953616797d5c3d7947f
https://conda.anaconda.org/conda-forge/linux-64/libboost-devel-1.82.0-h00ab1b0_6.conda#66fcac2ce711bea87d3aefd64cd03e9e
https://conda.anaconda.org/conda-forge/linux-64/libboost-headers-1.82.0-ha770c72_6.conda#a943dcb8fd22cf23ce901ac84f6538c2
https://conda.anaconda.org/conda-forge/linux-64/libcap-2.78-h084b8d7_1.conda#5db514adf5f843126ff846d1510f22a4
https://conda.anaconda.org/conda-forge/linux-64/libcblas-3.11.0-10_h0358290_openblas.conda#a275bd95aa4e22c24120bf6ece6eb056
https://conda.anaconda.org/conda-forge/linux-64/libcurl-8.8.0-hca28451_1.conda#b8afb3e3cb3423cc445cf611ab95fdb0
https://conda.anaconda.org/conda-forge/linux-64/libedit-3.1.20250104-pl5321h373387f_1.conda#50708d3b951d0f8e2d7f2df5b5edc040
https://conda.anaconda.org/conda-forge/linux-64/libev-4.33-h280c20c_3.conda#7bc31538d6e3fb349e897353969237ec
https://conda.anaconda.org/conda-forge/linux-64/libfabric-2.6.0-ha770c72_0.conda#b04e60c49d09399a009f3bb70bb53a23
https://conda.anaconda.org/conda-forge/linux-64/libfabric1-2.6.0-h6b3ec72_0.conda#7d8c510157360d0a6fdd84a1d3db8de7
https://conda.anaconda.org/conda-forge/linux-64/libffi-3.7.0-h81df57d_1.conda#6525a0b06aa4fd390795f0740636a9dd
https://conda.anaconda.org/conda-forge/linux-64/libgcc-16.2.0-ha9f2e26_4.conda#cba14d01083fc62ffd32c24d7d390633
https://conda.anaconda.org/conda-forge/noarch/libgcc-devel_linux-64-12.4.0-h1762d19_102.conda#5c9ee54252cddf9f83dc48f6ceef0ba4
https://conda.anaconda.org/conda-forge/linux-64/libgcc-ng-16.2.0-h69a702a_4.conda#b3e52878163a841f6fb951989cc0b217
https://conda.anaconda.org/conda-forge/linux-64/libgfortran-16.2.0-h69a702a_4.conda#5e92b8413fd1c8f8f3006f4661b12def
https://conda.anaconda.org/conda-forge/linux-64/libgfortran-ng-16.2.0-h69a702a_4.conda#02101682ef8d41eba983136613eba99e
https://conda.anaconda.org/conda-forge/linux-64/libgfortran5-16.2.0-h6b99dfc_4.conda#c22348a769bb072b6184eb6f7f05e4f2
https://conda.anaconda.org/conda-forge/linux-64/libgomp-16.2.0-he0feb66_4.conda#89d2c1231f47bd818f5d624b9411459d
https://conda.anaconda.org/conda-forge/linux-64/libhwloc-2.11.2-default_he43201b_1000.conda#36247217c4e1018085bd9db41eb3526a
https://conda.anaconda.org/conda-forge/linux-64/libiconv-1.18-h0cb94f2_3.conda#f92233bf33e24a25668bb2119e2c51f9
https://conda.anaconda.org/conda-forge/linux-64/liblapack-3.11.0-10_h47877c9_openblas.conda#7b918d4958f359c889c662aa361cf992
https://conda.anaconda.org/conda-forge/linux-64/liblzma-5.8.3-hb03c661_1.conda#1390b7c5ac0b1d8e447bc5efa6d3c8c2
https://conda.anaconda.org/conda-forge/linux-64/liblzma-devel-5.8.3-hb03c661_1.conda#6d83d6a332c19424e9e66b69b180ec11
https://conda.anaconda.org/conda-forge/linux-64/libnghttp2-1.58.0-h47da74e_1.conda#700ac6ea6d53d5510591c4344d5c989a
https://conda.anaconda.org/conda-forge/linux-64/libnl-3.11.0-hb03c661_1.conda#eeaf53e3c9593d63ffee5ad97182858e
https://conda.anaconda.org/conda-forge/linux-64/libnsl-2.0.1-hb9d3cd8_1.conda#d864d34357c3b65a4b731f78c0801dc4
https://conda.anaconda.org/conda-forge/linux-64/libopenblas-0.3.34-pthreads_hcf972fe_1.conda#25994250f54292352a82eb05ab4499ba
https://conda.anaconda.org/conda-forge/linux-64/libpng-1.6.43-h2797004_0.conda#009981dd9cfcaa4dbfa25ffaed86bcae
https://conda.anaconda.org/conda-forge/linux-64/libsanitizer-12.4.0-ha732cd4_2.conda#e729f335fee31fd68429187c9e0f97c2
https://conda.anaconda.org/conda-forge/linux-64/libsodium-1.0.20-h4ab18f5_0.conda#a587892d3c13b6621a6091be690dbca2
https://conda.anaconda.org/conda-forge/linux-64/libsqlite-3.46.0-hde9e2c9_0.conda#18aa975d2094c34aef978060ae7da7d8
https://conda.anaconda.org/conda-forge/linux-64/libssh2-1.11.0-h0841786_0.conda#1f5a58e686b13bcfde88b93f547d23fe
https://conda.anaconda.org/conda-forge/linux-64/libstdcxx-16.2.0-h934c35e_4.conda#2f2ef0d96de5bdd8c1270ff22fdf9352
https://conda.anaconda.org/conda-forge/noarch/libstdcxx-devel_linux-64-12.4.0-h1762d19_102.conda#aa2ae7befd3d165f3cfc4d3b39cebeb5
https://conda.anaconda.org/conda-forge/linux-64/libstdcxx-ng-16.2.0-hdf11a46_4.conda#de0dceacf3e33c5fc88e167885dc8274
https://conda.anaconda.org/conda-forge/linux-64/libsystemd0-261.2-h6f4a2f1_0.conda#592a8bd3952e6da248e3a40fdd612ed1
https://conda.anaconda.org/conda-forge/linux-64/libudev1-261.2-h6f4a2f1_0.conda#6f0fe22fab3d7e1fa244c6b59c710530
https://conda.anaconda.org/conda-forge/linux-64/libuuid-2.42.3-hcfc3c73_0.conda#74a0a409d9f4561265d36b789d3f398a
https://conda.anaconda.org/conda-forge/linux-64/libxcrypt-4.4.38-h280c20c_0.conda#f7a7ff5a6ab331e037abd34f379a631d
https://conda.anaconda.org/conda-forge/linux-64/libxml2-2.12.7-hc051c1a_1.conda#340278ded8b0dc3a73f3660bbb0adbc6
https://conda.anaconda.org/conda-forge/linux-64/libzlib-1.2.13-h4ab18f5_6.conda#27329162c0dc732bcf67a4e0cd488125
https://conda.anaconda.org/conda-forge/linux-64/lz4-c-1.9.4-hcb278e6_0.conda#318b08df404f9c9be5712aaa5a6f0bb0
https://conda.anaconda.org/conda-forge/linux-64/metis-5.1.0-hd0bcaf9_1007.conda#28eb714416de4eb83e2cbc47e99a1b45
https://conda.anaconda.org/conda-forge/linux-64/mpfr-4.2.2-ha2cb11d_1.conda#7dcc10f6c0bc3596d5519a710a84dfd4
https://conda.anaconda.org/conda-forge/noarch/mpi-1.0.1-mpich.conda#1052de900d672ec8b3713b8e300a8f06
https://conda.anaconda.org/conda-forge/linux-64/mpi4py-3.1.6-py310hcb86253_1.conda#2c5fe36e5db6ea2513c45da9c8f04ac5
https://conda.anaconda.org/conda-forge/linux-64/mpich-4.3.1-h1a8bee6_100.conda#5cbba4600497122fda4f718e913495d3
https://conda.anaconda.org/conda-forge/linux-64/mumps-include-5.2.1-ha770c72_11.tar.bz2#765196257c11b54dc52522d2fcafdd69
https://conda.anaconda.org/conda-forge/linux-64/mumps-mpi-5.2.1-h7ee95aa_11.tar.bz2#235559f5e16071637af9c1066ccd2121
https://conda.anaconda.org/conda-forge/linux-64/ncurses-6.6-hdb14827_1.conda#ee6c0cd80a60961a1f48aa3e0b91f986
https://conda.anaconda.org/conda-forge/linux-64/nlopt-2.7.1-py310h236f06b_5.conda#a71a300704ab45b5fe0f17017e24a813
https://conda.anaconda.org/conda-forge/linux-64/numpy-1.26.4-py310hb13e2d6_0.conda#6593de64c935768b6bad3e19b3e978be
https://conda.anaconda.org/conda-forge/linux-64/openssl-3.6.4-h781a0a9_0.conda#16e3034a330cc625f2c685edec60cf4e
https://conda.anaconda.org/conda-forge/noarch/packaging-26.3-pyhc364b38_0.conda#936687ed80f295a1f5dbcf8bd34c252c
https://conda.anaconda.org/conda-forge/linux-64/parmetis-4.0.3-h677a552_1008.conda#11efccb5d4e9db1b2417bbb154e5e00a
https://conda.anaconda.org/conda-forge/linux-64/petsc-3.19.6-real_h622a54c_100.conda#b28f8d96bb808a7ed5e44fb9b61c90c9
https://conda.anaconda.org/conda-forge/linux-64/petsc4py-3.19.6-real_h983ed27_100.conda#47428098396f263bef7858854949d3ae
https://conda.anaconda.org/conda-forge/noarch/pip-26.2.1-pyh8b19718_0.conda#77b6cf3b0689d9fc68561df0db9b856d
https://conda.anaconda.org/conda-forge/linux-64/pkg-config-0.29.2-h1114479_1013.conda#0aab2923309084c5f89ef32cd39a19b2
https://conda.anaconda.org/conda-forge/linux-64/ptscotch-6.0.9-hb499603_2.tar.bz2#2bb2d071f5cb419e4ce0e1eb7372eb9b
https://conda.anaconda.org/conda-forge/linux-64/pugixml-1.13-h59595ed_1.conda#a7c81a1cf43fe01da4954c9a3001396a
https://conda.anaconda.org/conda-forge/noarch/pybind11-abi-4-hd8ed1ab_3.tar.bz2#878f923dd6acc8aeb47a75da6c4098be
https://conda.anaconda.org/conda-forge/noarch/pycparser-3.0-pyhcf101f3_0.conda#9c5491066224083c41b6d5635ed7107b
https://conda.anaconda.org/conda-forge/linux-64/python-3.10.14-hd12c33a_0_cpython.conda#2b4ba962994e8bd4be9ff5b64b75aff2
https://conda.anaconda.org/conda-forge/noarch/python_abi-3.10-9_cp310.conda#3bb52811c66f1f07377537cc82ccb093
https://conda.anaconda.org/conda-forge/linux-64/rdma-core-64.0-h192683f_0.conda#6868d036199abfb9969fe738ae59e1b0
https://conda.anaconda.org/conda-forge/linux-64/readline-8.3-hd6e31c0_1.conda#69c01c781e7c8190bbdaf79e3848c5ca
https://conda.anaconda.org/conda-forge/linux-64/scalapack-2.2.0-h7e29ba8_4.conda#66a1781d22e2f23e9bba5dedda90a723
https://conda.anaconda.org/conda-forge/linux-64/scotch-6.0.9-hb2e6521_2.tar.bz2#20eb1f0c247d10da95b1da761e7f4c10
https://conda.anaconda.org/conda-forge/noarch/setuptools-84.0.0-pyh332efcf_0.conda#62ac906f1cd582c6c264c95625cb9d6f
https://conda.anaconda.org/conda-forge/linux-64/slepc-3.19.2-real_h905369a_100.conda#c0ed45a534945b73754a7fc8e21ea3ca
https://conda.anaconda.org/conda-forge/linux-64/slepc4py-3.19.2-real_hcc11a7f_101.conda#e900b7aac1288fe26ae71978d3aa461b
https://conda.anaconda.org/conda-forge/linux-64/snappy-1.2.2-h03e3b7b_1.conda#98b6c9dc80eb87b2519b97bcf7e578dd
https://conda.anaconda.org/conda-forge/linux-64/suitesparse-5.10.1-h5a4f163_3.conda#f363554b9084fb9d5e3366fbbc0d18e0
https://conda.anaconda.org/conda-forge/linux-64/superlu-7.0.1-h8f6e6c4_0.conda#6bd14d1838657334b3c0eb02f85561e2
https://conda.anaconda.org/conda-forge/linux-64/superlu_dist-7.2.0-h25dcc4a_0.tar.bz2#fac36f70854e425ad3aaa30992d58c1b
https://conda.anaconda.org/conda-forge/noarch/sysroot_linux-64-2.39-hc4b9eeb_6.conda#bc073c887526f93b09b8ca490192790b
https://conda.anaconda.org/conda-forge/linux-64/tbb-2022.1.0-h4ce085d_0.conda#f0afd0c7509f6c1b8d77ee64d7ba64b8
https://conda.anaconda.org/conda-forge/linux-64/tk-8.6.13-noxft_h4845f30_101.conda#d453b98d9c83e71da0741bb0ff4d76bc
https://conda.anaconda.org/conda-forge/noarch/tzdata-2026c-h151e31d_0.conda#fcb489df604d100968b737f2cb6076c6
https://conda.anaconda.org/conda-forge/linux-64/ucx-1.18.1-h990bcc0_2.conda#15e5ae8dc2c3a57a9cd77aa40dedfd40
https://conda.anaconda.org/conda-forge/noarch/wheel-0.48.0-pyhd8ed1ab_0.conda#9a2124517bfd5d792e0f7b86eefdfeb8
https://conda.anaconda.org/conda-forge/linux-64/xz-5.8.3-ha02ee65_1.conda#36a079606b3aaf9d726211825f182452
https://conda.anaconda.org/conda-forge/linux-64/xz-gpl-tools-5.8.3-ha02ee65_1.conda#137db930adb0b3c5407485e0e1a50cfa
https://conda.anaconda.org/conda-forge/linux-64/xz-tools-5.8.3-hb03c661_1.conda#10d693a2db6e8339e4eebcb3a3dae88d
https://conda.anaconda.org/conda-forge/linux-64/yaml-0.2.5-hebe6cf0_3.conda#e741576fb8f89821ac7c1c537322a33d
https://conda.anaconda.org/conda-forge/linux-64/zeromq-4.3.5-h387f397_9.conda#8035e5b54c08429354d5d64027041cad
https://conda.anaconda.org/conda-forge/linux-64/zfp-0.5.5-h9c3ff4c_8.tar.bz2#f12900b1e1e0527c0e9a4e922a5de2bf
https://conda.anaconda.org/conda-forge/linux-64/zlib-1.2.13-h4ab18f5_6.conda#559d338a4234c2ad6e676f460a093e67
https://conda.anaconda.org/conda-forge/linux-64/zstd-1.5.6-ha6fb4c9_0.conda#4d056880988120e29d75bfff282e0f45
